
Microsoft Visual Studio Solution File, Format Version 12.00
# Visual Studio Version 17
VisualStudioVersion = 17.13.35806.99 d17.13
MinimumVisualStudioVersion = 10.0.40219.1
Project("{E24C65DC-7377-472B-9ABA-BC803B73C61A}") = "Homework_3", ".", "{B402867B-DB06-1A6E-08BA-B9EC3CE797DC}"
	ProjectSection(WebsiteProperties) = preProject
		TargetFrameworkMoniker = ".NETFramework,Version%3Dv4.8"
		Debug.AspNetCompiler.VirtualPath = "/localhost_49673"
		Debug.AspNetCompiler.PhysicalPath = "..\Homework_3\"
		Debug.AspNetCompiler.TargetPath = "PrecompiledWeb\localhost_49673\"
		Debug.AspNetCompiler.Updateable = "true"
		Debug.AspNetCompiler.ForceOverwrite = "true"
		Debug.AspNetCompiler.FixedNames = "false"
		Debug.AspNetCompiler.Debug = "True"
		Release.AspNetCompiler.VirtualPath = "/localhost_49673"
		Release.AspNetCompiler.PhysicalPath = "..\Homework_3\"
		Release.AspNetCompiler.TargetPath = "PrecompiledWeb\localhost_49673\"
		Release.AspNetCompiler.Updateable = "true"
		Release.AspNetCompiler.ForceOverwrite = "true"
		Release.AspNetCompiler.FixedNames = "false"
		Release.AspNetCompiler.Debug = "False"
		VWDPort = "49673"
		SlnRelativePath = "..\Homework_3\"
	EndProjectSection
EndProject
Global
	GlobalSection(SolutionConfigurationPlatforms) = preSolution
		Debug|Any CPU = Debug|Any CPU
	EndGlobalSection
	GlobalSection(ProjectConfigurationPlatforms) = postSolution
		{B402867B-DB06-1A6E-08BA-B9EC3CE797DC}.Debug|Any CPU.ActiveCfg = Debug|Any CPU
		{B402867B-DB06-1A6E-08BA-B9EC3CE797DC}.Debug|Any CPU.Build.0 = Debug|Any CPU
	EndGlobalSection
	GlobalSection(SolutionProperties) = preSolution
		HideSolutionNode = FALSE
	EndGlobalSection
	GlobalSection(ExtensibilityGlobals) = postSolution
		SolutionGuid = {DA5D5C07-D9A3-4AE8-8F4A-57B0796FEE9F}
	EndGlobalSection
EndGlobal
